// !$*UTF8*$!
{
	archiveVersion = 1;
	classes = {
	};
	objectVersion = 46;
	objects = {

/* Begin PBXBuildFile section */
		9F9E28741DCA77BB00736910 /* AppDelegate.swift in Sources */ = {isa = PBXBuildFile; fileRef = 9F9E28731DCA77BB00736910 /* AppDelegate.swift */; };
		9F9E28791DCA77BB00736910 /* Main.storyboard in Resources */ = {isa = PBXBuildFile; fileRef = 9F9E28771DCA77BB00736910 /* Main.storyboard */; };
		9F9E287B1DCA77BB00736910 /* Assets.xcassets in Resources */ = {isa = PBXBuildFile; fileRef = 9F9E287A1DCA77BB00736910 /* Assets.xcassets */; };
		9F9E287E1DCA77BB00736910 /* LaunchScreen.storyboard in Resources */ = {isa = PBXBuildFile; fileRef = 9F9E287C1DCA77BB00736910 /* LaunchScreen.storyboard */; };
		9F9E288A1DCA786F00736910 /* Card.swift in Sources */ = {isa = PBXBuildFile; fileRef = 9F9E28881DCA786F00736910 /* Card.swift */; };
		9F9E288B1DCA786F00736910 /* PlayingCard.swift in Sources */ = {isa = PBXBuildFile; fileRef = 9F9E28891DCA786F00736910 /* PlayingCard.swift */; };
		9F9E288D1DCA787900736910 /* CardGameController.swift in Sources */ = {isa = PBXBuildFile; fileRef = 9F9E288C1DCA787900736910 /* CardGameController.swift */; };
		9FB11BE61DD115DC00D0C2A1 /* Deck.swift in Sources */ = {isa = PBXBuildFile; fileRef = 9FB11BE51DD115DC00D0C2A1 /* Deck.swift */; };
		9FB11BE81DD11F0300D0C2A1 /* PlyingCardDeck.swift in Sources */ = {isa = PBXBuildFile; fileRef = 9FB11BE71DD11F0300D0C2A1 /* PlyingCardDeck.swift */; };
/* End PBXBuildFile section */

/* Begin PBXFileReference section */
		9F9E28701DCA77BB00736910 /* CardGameUpdate.app */ = {isa = PBXFileReference; explicitFileType = wrapper.application; includeInIndex = 0; path = CardGameUpdate.app; sourceTree = BUILT_PRODUCTS_DIR; };
		9F9E28731DCA77BB00736910 /* AppDelegate.swift */ = {isa = PBXFileReference; lastKnownFileType = sourcecode.swift; path = AppDelegate.swift; sourceTree = "<group>"; };
		9F9E28781DCA77BB00736910 /* Base */ = {isa = PBXFileReference; lastKnownFileType = file.storyboard; name = Base; path = Base.lproj/Main.storyboard; sourceTree = "<group>"; };
		9F9E287A1DCA77BB00736910 /* Assets.xcassets */ = {isa = PBXFileReference; lastKnownFileType = folder.assetcatalog; path = Assets.xcassets; sourceTree = "<group>"; };
		9F9E287D1DCA77BB00736910 /* Base */ = {isa = PBXFileReference; lastKnownFileType = file.storyboard; name = Base; path = Base.lproj/LaunchScreen.storyboard; sourceTree = "<group>"; };
		9F9E287F1DCA77BB00736910 /* Info.plist */ = {isa = PBXFileReference; lastKnownFileType = text.plist.xml; path = Info.plist; sourceTree = "<group>"; };
		9F9E28881DCA786F00736910 /* Card.swift */ = {isa = PBXFileReference; fileEncoding = 4; lastKnownFileType = sourcecode.swift; name = Card.swift; path = Model/Card.swift; sourceTree = "<group>"; };
		9F9E28891DCA786F00736910 /* PlayingCard.swift */ = {isa = PBXFileReference; fileEncoding = 4; lastKnownFileType = sourcecode.swift; name = PlayingCard.swift; path = Model/PlayingCard.swift; sourceTree = "<group>"; };
		9F9E288C1DCA787900736910 /* CardGameController.swift */ = {isa = PBXFileReference; fileEncoding = 4; lastKnownFileType = sourcecode.swift; name = CardGameController.swift; path = Controller/CardGameController.swift; sourceTree = "<group>"; };
		9FB11BE51DD115DC00D0C2A1 /* Deck.swift */ = {isa = PBXFileReference; fileEncoding = 4; lastKnownFileType = sourcecode.swift; path = Deck.swift; sourceTree = "<group>"; };
		9FB11BE71DD11F0300D0C2A1 /* PlyingCardDeck.swift */ = {isa = PBXFileReference; fileEncoding = 4; lastKnownFileType = sourcecode.swift; path = PlyingCardDeck.swift; sourceTree = "<group>"; };
/* End PBXFileReference section */

/* Begin PBXFrameworksBuildPhase section */
		9F9E286D1DCA77BB00736910 /* Frameworks */ = {
			isa = PBXFrameworksBuildPhase;
			buildActionMask = 2147483647;
			files = (
			);
			runOnlyForDeploymentPostprocessing = 0;
		};
/* End PBXFrameworksBuildPhase section */

/* Begin PBXGroup section */
		9F9E28671DCA77BB00736910 = {
			isa = PBXGroup;
			children = (
				9F9E28721DCA77BB00736910 /* CardGameUpdate */,
				9F9E28711DCA77BB00736910 /* Products */,
			);
			sourceTree = "<group>";
		};
		9F9E28711DCA77BB00736910 /* Products */ = {
			isa = PBXGroup;
			children = (
				9F9E28701DCA77BB00736910 /* CardGameUpdate.app */,
			);
			name = Products;
			sourceTree = "<group>";
		};
		9F9E28721DCA77BB00736910 /* CardGameUpdate */ = {
			isa = PBXGroup;
			children = (
				9F9E28861DCA77D000736910 /* Controller */,
				9F9E28851DCA77C800736910 /* Model */,
				9F9E28871DCA77F000736910 /* View */,
				9F9E287F1DCA77BB00736910 /* Info.plist */,
			);
			path = CardGameUpdate;
			sourceTree = "<group>";
		};
		9F9E28851DCA77C800736910 /* Model */ = {
			isa = PBXGroup;
			children = (
				9F9E28881DCA786F00736910 /* Card.swift */,
				9FB11BE71DD11F0300D0C2A1 /* PlyingCardDeck.swift */,
				9F9E28891DCA786F00736910 /* PlayingCard.swift */,
				9FB11BE51DD115DC00D0C2A1 /* Deck.swift */,
			);
			name = Model;
			sourceTree = "<group>";
		};
		9F9E28861DCA77D000736910 /* Controller */ = {
			isa = PBXGroup;
			children = (
				9F9E288C1DCA787900736910 /* CardGameController.swift */,
				9F9E28731DCA77BB00736910 /* AppDelegate.swift */,
			);
			name = Controller;
			sourceTree = "<group>";
		};
		9F9E28871DCA77F000736910 /* View */ = {
			isa = PBXGroup;
			children = (
				9F9E28771DCA77BB00736910 /* Main.storyboard */,
				9F9E287C1DCA77BB00736910 /* LaunchScreen.storyboard */,
				9F9E287A1DCA77BB00736910 /* Assets.xcassets */,
			);
			name = View;
			sourceTree = "<group>";
		};
/* End PBXGroup section */

/* Begin PBXNativeTarget section */
		9F9E286F1DCA77BB00736910 /* CardGameUpdate */ = {
			isa = PBXNativeTarget;
			buildConfigurationList = 9F9E28821DCA77BB00736910 /* Build configuration list for PBXNativeTarget "CardGameUpdate" */;
			buildPhases = (
				9F9E286C1DCA77BB00736910 /* Sources */,
				9F9E286D1DCA77BB00736910 /* Frameworks */,
				9F9E286E1DCA77BB00736910 /* Resources */,
			);
			buildRules = (
			);
			dependencies = (
			);
			name = CardGameUpdate;
			productName = CardGameUpdate;
			productReference = 9F9E28701DCA77BB00736910 /* CardGameUpdate.app */;
			productType = "com.apple.product-type.application";
		};
/* End PBXNativeTarget section */

/* Begin PBXProject section */
		9F9E28681DCA77BB00736910 /* Project object */ = {
			isa = PBXProject;
			attributes = {
				LastSwiftUpdateCheck = 0720;
				LastUpgradeCheck = 0720;
				ORGANIZATIONNAME = CTECH;
				TargetAttributes = {
					9F9E286F1DCA77BB00736910 = {
						CreatedOnToolsVersion = 7.2;
					};
				};
			};
			buildConfigurationList = 9F9E286B1DCA77BB00736910 /* Build configuration list for PBXProject "CardGameUpdate" */;
			compatibilityVersion = "Xcode 3.2";
			developmentRegion = English;
			hasScannedForEncodings = 0;
			knownRegions = (
				en,
				Base,
			);
			mainGroup = 9F9E28671DCA77BB00736910;
			productRefGroup = 9F9E28711DCA77BB00736910 /* Products */;
			projectDirPath = "";
			projectRoot = "";
			targets = (
				9F9E286F1DCA77BB00736910 /* CardGameUpdate */,
			);
		};
/* End PBXProject section */

/* Begin PBXResourcesBuildPhase section */
		9F9E286E1DCA77BB00736910 /* Resources */ = {
			isa = PBXResourcesBuildPhase;
			buildActionMask = 2147483647;
			files = (
				9F9E287E1DCA77BB00736910 /* LaunchScreen.storyboard in Resources */,
				9F9E287B1DCA77BB00736910 /* Assets.xcassets in Resources */,
				9F9E28791DCA77BB00736910 /* Main.storyboard in Resources */,
			);
			runOnlyForDeploymentPostprocessing = 0;
		};
/* End PBXResourcesBuildPhase section */

/* Begin PBXSourcesBuildPhase section */
		9F9E286C1DCA77BB00736910 /* Sources */ = {
			isa = PBXSourcesBuildPhase;
			buildActionMask = 2147483647;
			files = (
				9F9E28741DCA77BB00736910 /* AppDelegate.swift in Sources */,
				9F9E288B1DCA786F00736910 /* PlayingCard.swift in Sources */,
				9FB11BE61DD115DC00D0C2A1 /* Deck.swift in Sources */,
				9F9E288A1DCA786F00736910 /* Card.swift in Sources */,
				9F9E288D1DCA787900736910 /* CardGameController.swift in Sources */,
				9FB11BE81DD11F0300D0C2A1 /* PlyingCardDeck.swift in Sources */,
			);
			runOnlyForDeploymentPostprocessing = 0;
		};
/* End PBXSourcesBuildPhase section */

/* Begin PBXVariantGroup section */
		9F9E28771DCA77BB00736910 /* Main.storyboard */ = {
			isa = PBXVariantGroup;
			children = (
				9F9E28781DCA77BB00736910 /* Base */,
			);
			name = Main.storyboard;
			sourceTree = "<group>";
		};
		9F9E287C1DCA77BB00736910 /* LaunchScreen.storyboard */ = {
			isa = PBXVariantGroup;
			children = (
				9F9E287D1DCA77BB00736910 /* Base */,
			);
			name = LaunchScreen.storyboard;
			sourceTree = "<group>";
		};
/* End PBXVariantGroup section */

/* Begin XCBuildConfiguration section */
		9F9E28801DCA77BB00736910 /* Debug */ = {
			isa = XCBuildConfiguration;
			buildSettings = {
				ALWAYS_SEARCH_USER_PATHS = NO;
				CLANG_CXX_LANGUAGE_STANDARD = "gnu++0x";
				CLANG_CXX_LIBRARY = "libc++";
				CLANG_ENABLE_MODULES = YES;
				CLANG_ENABLE_OBJC_ARC = YES;
				CLANG_WARN_BOOL_CONVERSION = YES;
				CLANG_WARN_CONSTANT_CONVERSION = YES;
				CLANG_WARN_DIRECT_OBJC_ISA_USAGE = YES_ERROR;
				CLANG_WARN_EMPTY_BODY = YES;
				CLANG_WARN_ENUM_CONVERSION = YES;
				CLANG_WARN_INT_CONVERSION = YES;
				CLANG_WARN_OBJC_ROOT_CLASS = YES_ERROR;
				CLANG_WARN_UNREACHABLE_CODE = YES;
				CLANG_WARN__DUPLICATE_METHOD_MATCH = YES;
				"CODE_SIGN_IDENTITY[sdk=iphoneos*]" = "iPhone Developer";
				COPY_PHASE_STRIP = NO;
				DEBUG_INFORMATION_FORMAT = dwarf;
				ENABLE_STRICT_OBJC_MSGSEND = YES;
				ENABLE_TESTABILITY = YES;
				GCC_C_LANGUAGE_STANDARD = gnu99;
				GCC_DYNAMIC_NO_PIC = NO;
				GCC_NO_COMMON_BLOCKS = YES;
				GCC_OPTIMIZATION_LEVEL = 0;
				GCC_PREPROCESSOR_DEFINITIONS = (
					"DEBUG=1",
					"$(inherited)",
				);
				GCC_WARN_64_TO_32_BIT_CONVERSION = YES;
				GCC_WARN_ABOUT_RETURN_TYPE = YES_ERROR;
				GCC_WARN_UNDECLARED_SELECTOR = YES;
				GCC_WARN_UNINITIALIZED_AUTOS = YES_AGGRESSIVE;
				GCC_WARN_UNUSED_FUNCTION = YES;
				GCC_WARN_UNUSED_VARIABLE = YES;
				IPHONEOS_DEPLOYMENT_TARGET = 9.2;
				MTL_ENABLE_DEBUG_INFO = YES;
				ONLY_ACTIVE_ARCH = YES;
				SDKROOT = iphoneos;
				SWIFT_OPTIMIZATION_LEVEL = "-Onone";
				TARGETED_DEVICE_FAMILY = "1,2";
			};
			name = Debug;
		};
		9F9E28811DCA77BB00736910 /* Release */ = {
			isa = XCBuildConfiguration;
			buildSettings = {
				ALWAYS_SEARCH_USER_PATHS = NO;
				CLANG_CXX_LANGUAGE_STANDARD = "gnu++0x";
				CLANG_CXX_LIBRARY = "libc++";
				CLANG_ENABLE_MODULES = YES;
				CLANG_ENABLE_OBJC_ARC = YES;
				CLANG_WARN_BOOL_CONVERSION = YES;
				CLANG_WARN_CONSTANT_CONVERSION = YES;
				CLANG_WARN_DIRECT_OBJC_ISA_USAGE = YES_ERROR;
				CLANG_WARN_EMPTY_BODY = YES;
				CLANG_WARN_ENUM_CONVERSION = YES;
				CLANG_WARN_INT_CONVERSION = YES;
				CLANG_WARN_OBJC_ROOT_CLASS = YES_ERROR;
				CLANG_WARN_UNREACHABLE_CODE = YES;
				CLANG_WARN__DUPLICATE_METHOD_MATCH = YES;
				"CODE_SIGN_IDENTITY[sdk=iphoneos*]" = "iPhone Developer";
				COPY_PHASE_STRIP = NO;
				DEBUG_INFORMATION_FORMAT = "dwarf-with-dsym";
				ENABLE_NS_ASSERTIONS = NO;
				ENABLE_STRICT_OBJC_MSGSEND = YES;
				GCC_C_LANGUAGE_STANDARD = gnu99;
				GCC_NO_COMMON_BLOCKS = YES;
				GCC_WARN_64_TO_32_BIT_CONVERSION = YES;
				GCC_WARN_ABOUT_RETURN_TYPE = YES_ERROR;
				GCC_WARN_UNDECLARED_SELECTOR = YES;
				GCC_WARN_UNINITIALIZED_AUTOS = YES_AGGRESSIVE;
				GCC_WARN_UNUSED_FUNCTION = YES;
				GCC_WARN_UNUSED_VARIABLE = YES;
				IPHONEOS_DEPLOYMENT_TARGET = 9.2;
				MTL_ENABLE_DEBUG_INFO = NO;
				SDKROOT = iphoneos;
				TARGETED_DEVICE_FAMILY = "1,2";
				VALIDATE_PRODUCT = YES;
			};
			name = Release;
		};
		9F9E28831DCA77BB00736910 /* Debug */ = {
			isa = XCBuildConfiguration;
			buildSettings = {
				ASSETCATALOG_COMPILER_APPICON_NAME = AppIcon;
				INFOPLIST_FILE = CardGameUpdate/Info.plist;
				LD_RUNPATH_SEARCH_PATHS = "$(inherited) @executable_path/Frameworks";
				PRODUCT_BUNDLE_IDENTIFIER = CTECH.CardGameUpdate;
				PRODUCT_NAME = "$(TARGET_NAME)";
			};
			name = Debug;
		};
		9F9E28841DCA77BB00736910 /* Release */ = {
			isa = XCBuildConfiguration;
			buildSettings = {
				ASSETCATALOG_COMPILER_APPICON_NAME = AppIcon;
				INFOPLIST_FILE = CardGameUpdate/Info.plist;
				LD_RUNPATH_SEARCH_PATHS = "$(inherited) @executable_path/Frameworks";
				PRODUCT_BUNDLE_IDENTIFIER = CTECH.CardGameUpdate;
				PRODUCT_NAME = "$(TARGET_NAME)";
			};
			name = Release;
		};
/* End XCBuildConfiguration section */

/* Begin XCConfigurationList section */
		9F9E286B1DCA77BB00736910 /* Build configuration list for PBXProject "CardGameUpdate" */ = {
			isa = XCConfigurationList;
			buildConfigurations = (
				9F9E28801DCA77BB00736910 /* Debug */,
				9F9E28811DCA77BB00736910 /* Release */,
			);
			defaultConfigurationIsVisible = 0;
			defaultConfigurationName = Release;
		};
		9F9E28821DCA77BB00736910 /* Build configuration list for PBXNativeTarget "CardGameUpdate" */ = {
			isa = XCConfigurationList;
			buildConfigurations = (
				9F9E28831DCA77BB00736910 /* Debug */,
				9F9E28841DCA77BB00736910 /* Release */,
			);
			defaultConfigurationIsVisible = 0;
			defaultConfigurationName = Release;
		};
/* End XCConfigurationList section */
	};
	rootObject = 9F9E28681DCA77BB00736910 /* Project object */;
}
